
Microsoft Visual Studio Solution File, Format Version 12.00
# Visual Studio 15
VisualStudioVersion = 15.0.28307.1321
MinimumVisualStudioVersion = 10.0.40219.1
Project("{FAE04EC0-301F-11D3-BF4B-00C04F79EFBC}") = "TrainersBackOffice", "TrainersBackOffice\TrainersBackOffice.csproj", "{D5AB4BDF-A2E7-405C-9367-289C3E724ABC}"
EndProject
Project("{E24C65DC-7377-472B-9ABA-BC803B73C61A}") = "TrainersFrontOffice", "TrainersFrontOffice\", "{C244D846-740D-45BE-9CEB-83EEC53ED07F}"
	ProjectSection(WebsiteProperties) = preProject
		TargetFrameworkMoniker = ".NETFramework,Version%3Dv4.6.1"
		Debug.AspNetCompiler.VirtualPath = "/localhost_60543"
		Debug.AspNetCompiler.PhysicalPath = "TrainersFrontOffice\"
		Debug.AspNetCompiler.TargetPath = "PrecompiledWeb\localhost_60543\"
		Debug.AspNetCompiler.Updateable = "true"
		Debug.AspNetCompiler.ForceOverwrite = "true"
		Debug.AspNetCompiler.FixedNames = "false"
		Debug.AspNetCompiler.Debug = "True"
		Release.AspNetCompiler.VirtualPath = "/localhost_60543"
		Release.AspNetCompiler.PhysicalPath = "TrainersFrontOffice\"
		Release.AspNetCompiler.TargetPath = "PrecompiledWeb\localhost_60543\"
		Release.AspNetCompiler.Updateable = "true"
		Release.AspNetCompiler.ForceOverwrite = "true"
		Release.AspNetCompiler.FixedNames = "false"
		Release.AspNetCompiler.Debug = "False"
		VWDPort = "60543"
		SlnRelativePath = "TrainersFrontOffice\"
		DefaultWebSiteLanguage = "Visual C#"
	EndProjectSection
EndProject
Project("{FAE04EC0-301F-11D3-BF4B-00C04F79EFBC}") = "TrainersClasses", "TrainersClasses\TrainersClasses.csproj", "{B2E6EF84-BED6-4225-B487-146FAF03FE54}"
EndProject
Project("{FAE04EC0-301F-11D3-BF4B-00C04F79EFBC}") = "Trainers Testing", "Trainers Testing\Trainers Testing.csproj", "{91709EAF-74E0-41DD-BDF3-E388469A71A5}"
EndProject
Global
	GlobalSection(SolutionConfigurationPlatforms) = preSolution
		Debug|Any CPU = Debug|Any CPU
		Release|Any CPU = Release|Any CPU
	EndGlobalSection
	GlobalSection(ProjectConfigurationPlatforms) = postSolution
		{D5AB4BDF-A2E7-405C-9367-289C3E724ABC}.Debug|Any CPU.ActiveCfg = Debug|Any CPU
		{D5AB4BDF-A2E7-405C-9367-289C3E724ABC}.Debug|Any CPU.Build.0 = Debug|Any CPU
		{D5AB4BDF-A2E7-405C-9367-289C3E724ABC}.Release|Any CPU.ActiveCfg = Release|Any CPU
		{D5AB4BDF-A2E7-405C-9367-289C3E724ABC}.Release|Any CPU.Build.0 = Release|Any CPU
		{C244D846-740D-45BE-9CEB-83EEC53ED07F}.Debug|Any CPU.ActiveCfg = Debug|Any CPU
		{C244D846-740D-45BE-9CEB-83EEC53ED07F}.Debug|Any CPU.Build.0 = Debug|Any CPU
		{C244D846-740D-45BE-9CEB-83EEC53ED07F}.Release|Any CPU.ActiveCfg = Debug|Any CPU
		{C244D846-740D-45BE-9CEB-83EEC53ED07F}.Release|Any CPU.Build.0 = Debug|Any CPU
		{B2E6EF84-BED6-4225-B487-146FAF03FE54}.Debug|Any CPU.ActiveCfg = Debug|Any CPU
		{B2E6EF84-BED6-4225-B487-146FAF03FE54}.Debug|Any CPU.Build.0 = Debug|Any CPU
		{B2E6EF84-BED6-4225-B487-146FAF03FE54}.Release|Any CPU.ActiveCfg = Release|Any CPU
		{B2E6EF84-BED6-4225-B487-146FAF03FE54}.Release|Any CPU.Build.0 = Release|Any CPU
		{91709EAF-74E0-41DD-BDF3-E388469A71A5}.Debug|Any CPU.ActiveCfg = Debug|Any CPU
		{91709EAF-74E0-41DD-BDF3-E388469A71A5}.Debug|Any CPU.Build.0 = Debug|Any CPU
		{91709EAF-74E0-41DD-BDF3-E388469A71A5}.Release|Any CPU.ActiveCfg = Release|Any CPU
		{91709EAF-74E0-41DD-BDF3-E388469A71A5}.Release|Any CPU.Build.0 = Release|Any CPU
	EndGlobalSection
	GlobalSection(SolutionProperties) = preSolution
		HideSolutionNode = FALSE
	EndGlobalSection
	GlobalSection(ExtensibilityGlobals) = postSolution
		SolutionGuid = {EE611979-BDB4-442B-9CAC-38A8EB590CCD}
	EndGlobalSection
EndGlobal
